<?xml version="1.0" encoding="utf-8"?>
<Project ToolsVersion="4.0" xmlns="http://schemas.microsoft.com/developer/msbuild/2003">
  <ItemGroup>
    <Filter Include="Source Files">
      <UniqueIdentifier>{4FC737F1-C7A5-4376-A066-2A32D752A2FF}</UniqueIdentifier>
      <Extensions>cpp;c;cc;cxx;c++;cppm;ixx;def;odl;idl;hpj;bat;asm;asmx</Extensions>
    </Filter>
    <Filter Include="Header Files">
      <UniqueIdentifier>{93995380-89BD-4b04-88EB-625FBE52EBFB}</UniqueIdentifier>
      <Extensions>h;hh;hpp;hxx;h++;hm;inl;inc;ipp;xsd</Extensions>
    </Filter>
    <Filter Include="Resource Files">
      <UniqueIdentifier>{67DA6AB6-F800-4c08-8B7A-83BB121AAD01}</UniqueIdentifier>
      <Extensions>rc;ico;cur;bmp;dlg;rc2;rct;bin;rgs;gif;jpg;jpeg;jpe;resx;tiff;tif;png;wav;mfcribbon-ms</Extensions>
    </Filter>
    <Filter Include="Resource Files\Shaders">
      <UniqueIdentifier>{dc29884f-4223-4026-99a0-149d7e137f82}</UniqueIdentifier>
    </Filter>
    <Filter Include="Source Files\Thirdparty">
      <UniqueIdentifier>{5babbd5f-b0a4-47a9-a342-2625d546a5af}</UniqueIdentifier>
    </Filter>
    <Filter Include="Source Files\Renderer">
      <UniqueIdentifier>{9df14fda-7210-42b1-a120-0d5d8837f06d}</UniqueIdentifier>
    </Filter>
    <ClCompile Include="glad.c" />
    <ClCompile Include="src\main.cpp" />
    <ClCompile Include="src\renderer\Mesh.cpp" />
    <ClCompile Include="src\thirdparty\stb_image.cpp" />
  </ItemGroup>
  <ItemGroup>
    <ClCompile Include="src\main.cpp">
      <Filter>Source Files</Filter>
    </ClCompile>
    <ClCompile Include="glad.c">
      <Filter>Source Files\Thirdparty</Filter>
    </ClCompile>
    <ClCompile Include="src\thirdparty\stb_image.cpp">
      <Filter>Source Files\Thirdparty</Filter>
    </ClCompile>
    <ClCompile Include="src\renderer\gl\VAO.cpp">
      <Filter>Source Files\Renderer</Filter>
    </ClCompile>
    <ClCompile Include="src\renderer\gl\VBO.cpp">
      <Filter>Source Files\Renderer</Filter>
    </ClCompile>
    <ClCompile Include="src\renderer\gl\EBO.cpp">
      <Filter>Source Files\Renderer</Filter>
    </ClCompile>
    <ClCompile Include="src\renderer\Model.cpp">
      <Filter>Source Files</Filter>
    </ClCompile>
    <ClCompile Include="src\hierarchy\instances\instance.cpp">
      <Filter>Source Files</Filter>
    </ClCompile>
    <ClCompile Include="src\hierarchy\instances\gameobject.cpp">
      <Filter>Source Files</Filter>
    </ClCompile>
    <ClCompile Include="src\hierarchy\instances\modelobject.cpp">
      <Filter>Source Files</Filter>
    </ClCompile>
    <ClCompile Include="src\hierarchy\instances\scene.cpp">
      <Filter>Source Files</Filter>
    </ClCompile>
    <ClCompile Include="src\main2.cpp">
      <Filter>Source Files</Filter>
    </ClCompile>
  </ItemGroup>
  <ItemGroup>
    <ClInclude Include="src\renderer\Mesh.h">
      <Filter>Source Files</Filter>
    </ClInclude>
    <ClInclude Include="src\renderer\Shader.h">
      <Filter>Source Files</Filter>
    </ClInclude>
    <ClInclude Include="src\thirdparty\stb_image.h">
      <Filter>Source Files\Thirdparty</Filter>
    </ClInclude>
    <ClInclude Include="src\renderer\gl\VAO.h">
      <Filter>Source Files\Renderer</Filter>
    </ClInclude>
    <ClInclude Include="src\renderer\gl\VBO.h">
      <Filter>Source Files\Renderer</Filter>
    </ClInclude>
    <ClInclude Include="src\renderer\gl\EBO.h">
      <Filter>Source Files\Renderer</Filter>
    </ClInclude>
    <ClInclude Include="src\renderer\Model.h">
      <Filter>Source Files</Filter>
    </ClInclude>
    <ClInclude Include="src\hierarchy\instances\instance.h">
      <Filter>Header Files</Filter>
    </ClInclude>
    <ClInclude Include="src\hierarchy\instances\gameobject.h">
      <Filter>Header Files</Filter>
    </ClInclude>
    <ClInclude Include="src\hierarchy\instances\modelobject.h">
      <Filter>Header Files</Filter>
    </ClInclude>
    <ClInclude Include="src\hierarchy\instances\scene.h">
      <Filter>Header Files</Filter>
    </ClInclude>
  </ItemGroup>
  <ItemGroup>
    <None Include="resources\shaders\default.vert">
      <Filter>Resource Files\Shaders</Filter>
    </None>
    <None Include="resources\shaders\default.frag">
      <Filter>Resource Files\Shaders</Filter>
    </None>
    <ClInclude Include="src\math\tree.h" />
    <ClInclude Include="src\thirdparty\stb_image.h" />
    <None Include="resources\shaders\no_texture.frag" />
  </ItemGroup>
  <ItemGroup>
    <None Include="resources\shaders\default.frag" />
    <None Include="resources\shaders\default.vert" />
  </ItemGroup>
</Project>